// !$*UTF8*$!
{
	archiveVersion = 1;
	classes = {
	};
	objectVersion = 48;
	objects = {

/* Begin PBXBuildFile section */
		AD0D06492056E7600035469A /* EmployeeCell.swift in Sources */ = {isa = PBXBuildFile; fileRef = AD0D06482056E7600035469A /* EmployeeCell.swift */; };
		AD23F99E204A54D3004967EC /* CompaniesController+UITableView.swift in Sources */ = {isa = PBXBuildFile; fileRef = ADB2606B204A4B6C00F5BDD8 /* CompaniesController+UITableView.swift */; };
		AD23F9A1204A5657004967EC /* UIViewController+Helpers.swift in Sources */ = {isa = PBXBuildFile; fileRef = AD23F9A0204A5657004967EC /* UIViewController+Helpers.swift */; };
		AD23F9A3204A571F004967EC /* CreateEmployeeController.swift in Sources */ = {isa = PBXBuildFile; fileRef = AD23F9A2204A571F004967EC /* CreateEmployeeController.swift */; };
		AD56D0CC2049F82D00B4AE24 /* CompanyCell.swift in Sources */ = {isa = PBXBuildFile; fileRef = AD56D0CB2049F82D00B4AE24 /* CompanyCell.swift */; };
		AD6D7AE4204C876E00752A33 /* EmployeeType.swift in Sources */ = {isa = PBXBuildFile; fileRef = AD6D7AE3204C876E00752A33 /* EmployeeType.swift */; };
		AD735781205727E9005DF975 /* EmptyTableFooter.swift in Sources */ = {isa = PBXBuildFile; fileRef = AD735780205727E9005DF975 /* EmptyTableFooter.swift */; };
		AD7BDD8A204526E000B46FC9 /* CreateCompanyController.swift in Sources */ = {isa = PBXBuildFile; fileRef = AD7BDD89204526E000B46FC9 /* CreateCompanyController.swift */; };
		ADB2606E204A51CC00F5BDD8 /* EmployeesController.swift in Sources */ = {isa = PBXBuildFile; fileRef = ADB2606D204A51CC00F5BDD8 /* EmployeesController.swift */; };
		ADB90006204504E3005D4036 /* UIColor+theme.swift in Sources */ = {isa = PBXBuildFile; fileRef = ADB90005204504E3005D4036 /* UIColor+theme.swift */; };
		ADB9FFF42044FB6F005D4036 /* AppDelegate.swift in Sources */ = {isa = PBXBuildFile; fileRef = ADB9FFF32044FB6F005D4036 /* AppDelegate.swift */; };
		ADB9FFF62044FB6F005D4036 /* CompaniesController.swift in Sources */ = {isa = PBXBuildFile; fileRef = ADB9FFF52044FB6F005D4036 /* CompaniesController.swift */; };
		ADB9FFFB2044FB6F005D4036 /* Assets.xcassets in Resources */ = {isa = PBXBuildFile; fileRef = ADB9FFFA2044FB6F005D4036 /* Assets.xcassets */; };
		ADB9FFFE2044FB6F005D4036 /* LaunchScreen.storyboard in Resources */ = {isa = PBXBuildFile; fileRef = ADB9FFFC2044FB6F005D4036 /* LaunchScreen.storyboard */; };
		ADE745A420461CB600A51206 /* Model.xcdatamodeld in Sources */ = {isa = PBXBuildFile; fileRef = ADE745A220461CB600A51206 /* Model.xcdatamodeld */; };
		ADE745A620462EF800A51206 /* CoreDataManager.swift in Sources */ = {isa = PBXBuildFile; fileRef = ADE745A520462EF800A51206 /* CoreDataManager.swift */; };
		ADE9488A204E39DE00329892 /* HeaderCell.swift in Sources */ = {isa = PBXBuildFile; fileRef = ADE94889204E39DE00329892 /* HeaderCell.swift */; };
		ADE9488C204E4D8E00329892 /* EmployeesController+UITableView.swift in Sources */ = {isa = PBXBuildFile; fileRef = ADE9488B204E4D8E00329892 /* EmployeesController+UITableView.swift */; };
		ADE94890204E608200329892 /* CreateCompanyController+UI.swift in Sources */ = {isa = PBXBuildFile; fileRef = ADE9488F204E608200329892 /* CreateCompanyController+UI.swift */; };
		ADE94892204E89C600329892 /* CreateEmployeeController+UI.swift in Sources */ = {isa = PBXBuildFile; fileRef = ADE94891204E89C600329892 /* CreateEmployeeController+UI.swift */; };
/* End PBXBuildFile section */

/* Begin PBXFileReference section */
		AD0D06482056E7600035469A /* EmployeeCell.swift */ = {isa = PBXFileReference; lastKnownFileType = sourcecode.swift; path = EmployeeCell.swift; sourceTree = "<group>"; };
		AD23F9A0204A5657004967EC /* UIViewController+Helpers.swift */ = {isa = PBXFileReference; lastKnownFileType = sourcecode.swift; path = "UIViewController+Helpers.swift"; sourceTree = "<group>"; };
		AD23F9A2204A571F004967EC /* CreateEmployeeController.swift */ = {isa = PBXFileReference; lastKnownFileType = sourcecode.swift; path = CreateEmployeeController.swift; sourceTree = "<group>"; };
		AD56D0CB2049F82D00B4AE24 /* CompanyCell.swift */ = {isa = PBXFileReference; lastKnownFileType = sourcecode.swift; path = CompanyCell.swift; sourceTree = "<group>"; };
		AD6D7AE3204C876E00752A33 /* EmployeeType.swift */ = {isa = PBXFileReference; lastKnownFileType = sourcecode.swift; path = EmployeeType.swift; sourceTree = "<group>"; };
		AD735780205727E9005DF975 /* EmptyTableFooter.swift */ = {isa = PBXFileReference; lastKnownFileType = sourcecode.swift; path = EmptyTableFooter.swift; sourceTree = "<group>"; };
		AD7BDD89204526E000B46FC9 /* CreateCompanyController.swift */ = {isa = PBXFileReference; lastKnownFileType = sourcecode.swift; path = CreateCompanyController.swift; sourceTree = "<group>"; };
		ADB2606B204A4B6C00F5BDD8 /* CompaniesController+UITableView.swift */ = {isa = PBXFileReference; lastKnownFileType = sourcecode.swift; path = "CompaniesController+UITableView.swift"; sourceTree = "<group>"; };
		ADB2606D204A51CC00F5BDD8 /* EmployeesController.swift */ = {isa = PBXFileReference; lastKnownFileType = sourcecode.swift; path = EmployeesController.swift; sourceTree = "<group>"; };
		ADB90005204504E3005D4036 /* UIColor+theme.swift */ = {isa = PBXFileReference; lastKnownFileType = sourcecode.swift; path = "UIColor+theme.swift"; sourceTree = "<group>"; };
		ADB9FFF02044FB6F005D4036 /* Company-Contacts.app */ = {isa = PBXFileReference; explicitFileType = wrapper.application; includeInIndex = 0; path = "Company-Contacts.app"; sourceTree = BUILT_PRODUCTS_DIR; };
		ADB9FFF32044FB6F005D4036 /* AppDelegate.swift */ = {isa = PBXFileReference; lastKnownFileType = sourcecode.swift; path = AppDelegate.swift; sourceTree = "<group>"; };
		ADB9FFF52044FB6F005D4036 /* CompaniesController.swift */ = {isa = PBXFileReference; lastKnownFileType = sourcecode.swift; path = CompaniesController.swift; sourceTree = "<group>"; };
		ADB9FFFA2044FB6F005D4036 /* Assets.xcassets */ = {isa = PBXFileReference; lastKnownFileType = folder.assetcatalog; path = Assets.xcassets; sourceTree = "<group>"; };
		ADB9FFFD2044FB6F005D4036 /* Base */ = {isa = PBXFileReference; lastKnownFileType = file.storyboard; name = Base; path = Base.lproj/LaunchScreen.storyboard; sourceTree = "<group>"; };
		ADB9FFFF2044FB6F005D4036 /* Info.plist */ = {isa = PBXFileReference; lastKnownFileType = text.plist.xml; path = Info.plist; sourceTree = "<group>"; };
		ADE745A320461CB600A51206 /* Model.xcdatamodel */ = {isa = PBXFileReference; lastKnownFileType = wrapper.xcdatamodel; path = Model.xcdatamodel; sourceTree = "<group>"; };
		ADE745A520462EF800A51206 /* CoreDataManager.swift */ = {isa = PBXFileReference; lastKnownFileType = sourcecode.swift; path = CoreDataManager.swift; sourceTree = "<group>"; };
		ADE94889204E39DE00329892 /* HeaderCell.swift */ = {isa = PBXFileReference; lastKnownFileType = sourcecode.swift; path = HeaderCell.swift; sourceTree = "<group>"; };
		ADE9488B204E4D8E00329892 /* EmployeesController+UITableView.swift */ = {isa = PBXFileReference; lastKnownFileType = sourcecode.swift; path = "EmployeesController+UITableView.swift"; sourceTree = "<group>"; };
		ADE9488F204E608200329892 /* CreateCompanyController+UI.swift */ = {isa = PBXFileReference; lastKnownFileType = sourcecode.swift; path = "CreateCompanyController+UI.swift"; sourceTree = "<group>"; };
		ADE94891204E89C600329892 /* CreateEmployeeController+UI.swift */ = {isa = PBXFileReference; lastKnownFileType = sourcecode.swift; path = "CreateEmployeeController+UI.swift"; sourceTree = "<group>"; };
/* End PBXFileReference section */

/* Begin PBXFrameworksBuildPhase section */
		ADB9FFED2044FB6F005D4036 /* Frameworks */ = {
			isa = PBXFrameworksBuildPhase;
			buildActionMask = 2147483647;
			files = (
			);
			runOnlyForDeploymentPostprocessing = 0;
		};
/* End PBXFrameworksBuildPhase section */

/* Begin PBXGroup section */
		AD23F99F204A5646004967EC /* Helpers */ = {
			isa = PBXGroup;
			children = (
				AD23F9A0204A5657004967EC /* UIViewController+Helpers.swift */,
				ADB90005204504E3005D4036 /* UIColor+theme.swift */,
				ADE745A520462EF800A51206 /* CoreDataManager.swift */,
			);
			path = Helpers;
			sourceTree = "<group>";
		};
		AD56D0CD2049F8E600B4AE24 /* Companies */ = {
			isa = PBXGroup;
			children = (
				ADB9FFF52044FB6F005D4036 /* CompaniesController.swift */,
				ADB2606B204A4B6C00F5BDD8 /* CompaniesController+UITableView.swift */,
				AD7BDD89204526E000B46FC9 /* CreateCompanyController.swift */,
				ADE9488F204E608200329892 /* CreateCompanyController+UI.swift */,
				AD56D0CB2049F82D00B4AE24 /* CompanyCell.swift */,
				ADE94889204E39DE00329892 /* HeaderCell.swift */,
				ADE5F8D1204B276F00649706 /* Employees */,
			);
			path = Companies;
			sourceTree = "<group>";
		};
		ADB9FFE72044FB6F005D4036 = {
			isa = PBXGroup;
			children = (
				ADB9FFF22044FB6F005D4036 /* Company-Contacts */,
				ADB9FFF12044FB6F005D4036 /* Products */,
			);
			sourceTree = "<group>";
		};
		ADB9FFF12044FB6F005D4036 /* Products */ = {
			isa = PBXGroup;
			children = (
				ADB9FFF02044FB6F005D4036 /* Company-Contacts.app */,
			);
			name = Products;
			sourceTree = "<group>";
		};
		ADB9FFF22044FB6F005D4036 /* Company-Contacts */ = {
			isa = PBXGroup;
			children = (
				ADB9FFF32044FB6F005D4036 /* AppDelegate.swift */,
				AD735780205727E9005DF975 /* EmptyTableFooter.swift */,
				AD23F99F204A5646004967EC /* Helpers */,
				AD56D0CD2049F8E600B4AE24 /* Companies */,
				ADB9FFFA2044FB6F005D4036 /* Assets.xcassets */,
				ADB9FFFC2044FB6F005D4036 /* LaunchScreen.storyboard */,
				ADB9FFFF2044FB6F005D4036 /* Info.plist */,
				ADE745A220461CB600A51206 /* Model.xcdatamodeld */,
			);
			path = "Company-Contacts";
			sourceTree = "<group>";
		};
		ADE5F8D1204B276F00649706 /* Employees */ = {
			isa = PBXGroup;
			children = (
				ADB2606D204A51CC00F5BDD8 /* EmployeesController.swift */,
				ADE9488B204E4D8E00329892 /* EmployeesController+UITableView.swift */,
				AD23F9A2204A571F004967EC /* CreateEmployeeController.swift */,
				ADE94891204E89C600329892 /* CreateEmployeeController+UI.swift */,
				AD6D7AE3204C876E00752A33 /* EmployeeType.swift */,
				AD0D06482056E7600035469A /* EmployeeCell.swift */,
			);
			path = Employees;
			sourceTree = "<group>";
		};
/* End PBXGroup section */

/* Begin PBXNativeTarget section */
		ADB9FFEF2044FB6F005D4036 /* Company-Contacts */ = {
			isa = PBXNativeTarget;
			buildConfigurationList = ADB900022044FB6F005D4036 /* Build configuration list for PBXNativeTarget "Company-Contacts" */;
			buildPhases = (
				ADB9FFEC2044FB6F005D4036 /* Sources */,
				ADB9FFED2044FB6F005D4036 /* Frameworks */,
				ADB9FFEE2044FB6F005D4036 /* Resources */,
			);
			buildRules = (
			);
			dependencies = (
			);
			name = "Company-Contacts";
			productName = "Company-Contacts";
			productReference = ADB9FFF02044FB6F005D4036 /* Company-Contacts.app */;
			productType = "com.apple.product-type.application";
		};
/* End PBXNativeTarget section */

/* Begin PBXProject section */
		ADB9FFE82044FB6F005D4036 /* Project object */ = {
			isa = PBXProject;
			attributes = {
				LastSwiftUpdateCheck = 0920;
				LastUpgradeCheck = 0920;
				ORGANIZATIONNAME = "Mac Gallagher";
				TargetAttributes = {
					ADB9FFEF2044FB6F005D4036 = {
						CreatedOnToolsVersion = 9.2;
						ProvisioningStyle = Automatic;
					};
				};
			};
			buildConfigurationList = ADB9FFEB2044FB6F005D4036 /* Build configuration list for PBXProject "Company-Contacts" */;
			compatibilityVersion = "Xcode 8.0";
			developmentRegion = en;
			hasScannedForEncodings = 0;
			knownRegions = (
				en,
				Base,
			);
			mainGroup = ADB9FFE72044FB6F005D4036;
			productRefGroup = ADB9FFF12044FB6F005D4036 /* Products */;
			projectDirPath = "";
			projectRoot = "";
			targets = (
				ADB9FFEF2044FB6F005D4036 /* Company-Contacts */,
			);
		};
/* End PBXProject section */

/* Begin PBXResourcesBuildPhase section */
		ADB9FFEE2044FB6F005D4036 /* Resources */ = {
			isa = PBXResourcesBuildPhase;
			buildActionMask = 2147483647;
			files = (
				ADB9FFFE2044FB6F005D4036 /* LaunchScreen.storyboard in Resources */,
				ADB9FFFB2044FB6F005D4036 /* Assets.xcassets in Resources */,
			);
			runOnlyForDeploymentPostprocessing = 0;
		};
/* End PBXResourcesBuildPhase section */

/* Begin PBXSourcesBuildPhase section */
		ADB9FFEC2044FB6F005D4036 /* Sources */ = {
			isa = PBXSourcesBuildPhase;
			buildActionMask = 2147483647;
			files = (
				AD735781205727E9005DF975 /* EmptyTableFooter.swift in Sources */,
				ADE9488A204E39DE00329892 /* HeaderCell.swift in Sources */,
				ADB90006204504E3005D4036 /* UIColor+theme.swift in Sources */,
				ADE9488C204E4D8E00329892 /* EmployeesController+UITableView.swift in Sources */,
				AD0D06492056E7600035469A /* EmployeeCell.swift in Sources */,
				AD23F9A3204A571F004967EC /* CreateEmployeeController.swift in Sources */,
				AD23F99E204A54D3004967EC /* CompaniesController+UITableView.swift in Sources */,
				AD7BDD8A204526E000B46FC9 /* CreateCompanyController.swift in Sources */,
				AD56D0CC2049F82D00B4AE24 /* CompanyCell.swift in Sources */,
				ADE94892204E89C600329892 /* CreateEmployeeController+UI.swift in Sources */,
				ADE94890204E608200329892 /* CreateCompanyController+UI.swift in Sources */,
				ADB9FFF62044FB6F005D4036 /* CompaniesController.swift in Sources */,
				ADB9FFF42044FB6F005D4036 /* AppDelegate.swift in Sources */,
				ADB2606E204A51CC00F5BDD8 /* EmployeesController.swift in Sources */,
				AD23F9A1204A5657004967EC /* UIViewController+Helpers.swift in Sources */,
				ADE745A620462EF800A51206 /* CoreDataManager.swift in Sources */,
				ADE745A420461CB600A51206 /* Model.xcdatamodeld in Sources */,
				AD6D7AE4204C876E00752A33 /* EmployeeType.swift in Sources */,
			);
			runOnlyForDeploymentPostprocessing = 0;
		};
/* End PBXSourcesBuildPhase section */

/* Begin PBXVariantGroup section */
		ADB9FFFC2044FB6F005D4036 /* LaunchScreen.storyboard */ = {
			isa = PBXVariantGroup;
			children = (
				ADB9FFFD2044FB6F005D4036 /* Base */,
			);
			name = LaunchScreen.storyboard;
			sourceTree = "<group>";
		};
/* End PBXVariantGroup section */

/* Begin XCBuildConfiguration section */
		ADB900002044FB6F005D4036 /* Debug */ = {
			isa = XCBuildConfiguration;
			buildSettings = {
				ALWAYS_SEARCH_USER_PATHS = NO;
				CLANG_ANALYZER_NONNULL = YES;
				CLANG_ANALYZER_NUMBER_OBJECT_CONVERSION = YES_AGGRESSIVE;
				CLANG_CXX_LANGUAGE_STANDARD = "gnu++14";
				CLANG_CXX_LIBRARY = "libc++";
				CLANG_ENABLE_MODULES = YES;
				CLANG_ENABLE_OBJC_ARC = YES;
				CLANG_WARN_BLOCK_CAPTURE_AUTORELEASING = YES;
				CLANG_WARN_BOOL_CONVERSION = YES;
				CLANG_WARN_COMMA = YES;
				CLANG_WARN_CONSTANT_CONVERSION = YES;
				CLANG_WARN_DIRECT_OBJC_ISA_USAGE = YES_ERROR;
				CLANG_WARN_DOCUMENTATION_COMMENTS = YES;
				CLANG_WARN_EMPTY_BODY = YES;
				CLANG_WARN_ENUM_CONVERSION = YES;
				CLANG_WARN_INFINITE_RECURSION = YES;
				CLANG_WARN_INT_CONVERSION = YES;
				CLANG_WARN_NON_LITERAL_NULL_CONVERSION = YES;
				CLANG_WARN_OBJC_LITERAL_CONVERSION = YES;
				CLANG_WARN_OBJC_ROOT_CLASS = YES_ERROR;
				CLANG_WARN_RANGE_LOOP_ANALYSIS = YES;
				CLANG_WARN_STRICT_PROTOTYPES = YES;
				CLANG_WARN_SUSPICIOUS_MOVE = YES;
				CLANG_WARN_UNGUARDED_AVAILABILITY = YES_AGGRESSIVE;
				CLANG_WARN_UNREACHABLE_CODE = YES;
				CLANG_WARN__DUPLICATE_METHOD_MATCH = YES;
				CODE_SIGN_IDENTITY = "iPhone Developer";
				COPY_PHASE_STRIP = NO;
				DEBUG_INFORMATION_FORMAT = dwarf;
				ENABLE_STRICT_OBJC_MSGSEND = YES;
				ENABLE_TESTABILITY = YES;
				GCC_C_LANGUAGE_STANDARD = gnu11;
				GCC_DYNAMIC_NO_PIC = NO;
				GCC_NO_COMMON_BLOCKS = YES;
				GCC_OPTIMIZATION_LEVEL = 0;
				GCC_PREPROCESSOR_DEFINITIONS = (
					"DEBUG=1",
					"$(inherited)",
				);
				GCC_WARN_64_TO_32_BIT_CONVERSION = YES;
				GCC_WARN_ABOUT_RETURN_TYPE = YES_ERROR;
				GCC_WARN_UNDECLARED_SELECTOR = YES;
				GCC_WARN_UNINITIALIZED_AUTOS = YES_AGGRESSIVE;
				GCC_WARN_UNUSED_FUNCTION = YES;
				GCC_WARN_UNUSED_VARIABLE = YES;
				IPHONEOS_DEPLOYMENT_TARGET = 11.2;
				MTL_ENABLE_DEBUG_INFO = YES;
				ONLY_ACTIVE_ARCH = YES;
				SDKROOT = iphoneos;
				SWIFT_ACTIVE_COMPILATION_CONDITIONS = DEBUG;
				SWIFT_OPTIMIZATION_LEVEL = "-Onone";
			};
			name = Debug;
		};
		ADB900012044FB6F005D4036 /* Release */ = {
			isa = XCBuildConfiguration;
			buildSettings = {
				ALWAYS_SEARCH_USER_PATHS = NO;
				CLANG_ANALYZER_NONNULL = YES;
				CLANG_ANALYZER_NUMBER_OBJECT_CONVERSION = YES_AGGRESSIVE;
				CLANG_CXX_LANGUAGE_STANDARD = "gnu++14";
				CLANG_CXX_LIBRARY = "libc++";
				CLANG_ENABLE_MODULES = YES;
				CLANG_ENABLE_OBJC_ARC = YES;
				CLANG_WARN_BLOCK_CAPTURE_AUTORELEASING = YES;
				CLANG_WARN_BOOL_CONVERSION = YES;
				CLANG_WARN_COMMA = YES;
				CLANG_WARN_CONSTANT_CONVERSION = YES;
				CLANG_WARN_DIRECT_OBJC_ISA_USAGE = YES_ERROR;
				CLANG_WARN_DOCUMENTATION_COMMENTS = YES;
				CLANG_WARN_EMPTY_BODY = YES;
				CLANG_WARN_ENUM_CONVERSION = YES;
				CLANG_WARN_INFINITE_RECURSION = YES;
				CLANG_WARN_INT_CONVERSION = YES;
				CLANG_WARN_NON_LITERAL_NULL_CONVERSION = YES;
				CLANG_WARN_OBJC_LITERAL_CONVERSION = YES;
				CLANG_WARN_OBJC_ROOT_CLASS = YES_ERROR;
				CLANG_WARN_RANGE_LOOP_ANALYSIS = YES;
				CLANG_WARN_STRICT_PROTOTYPES = YES;
				CLANG_WARN_SUSPICIOUS_MOVE = YES;
				CLANG_WARN_UNGUARDED_AVAILABILITY = YES_AGGRESSIVE;
				CLANG_WARN_UNREACHABLE_CODE = YES;
				CLANG_WARN__DUPLICATE_METHOD_MATCH = YES;
				CODE_SIGN_IDENTITY = "iPhone Developer";
				COPY_PHASE_STRIP = NO;
				DEBUG_INFORMATION_FORMAT = "dwarf-with-dsym";
				ENABLE_NS_ASSERTIONS = NO;
				ENABLE_STRICT_OBJC_MSGSEND = YES;
				GCC_C_LANGUAGE_STANDARD = gnu11;
				GCC_NO_COMMON_BLOCKS = YES;
				GCC_WARN_64_TO_32_BIT_CONVERSION = YES;
				GCC_WARN_ABOUT_RETURN_TYPE = YES_ERROR;
				GCC_WARN_UNDECLARED_SELECTOR = YES;
				GCC_WARN_UNINITIALIZED_AUTOS = YES_AGGRESSIVE;
				GCC_WARN_UNUSED_FUNCTION = YES;
				GCC_WARN_UNUSED_VARIABLE = YES;
				IPHONEOS_DEPLOYMENT_TARGET = 11.2;
				MTL_ENABLE_DEBUG_INFO = NO;
				SDKROOT = iphoneos;
				SWIFT_OPTIMIZATION_LEVEL = "-Owholemodule";
				VALIDATE_PRODUCT = YES;
			};
			name = Release;
		};
		ADB900032044FB6F005D4036 /* Debug */ = {
			isa = XCBuildConfiguration;
			buildSettings = {
				ASSETCATALOG_COMPILER_APPICON_NAME = AppIcon;
				CODE_SIGN_STYLE = Automatic;
				DEVELOPMENT_TEAM = DYZ8Y2U8DB;
				INFOPLIST_FILE = "Company-Contacts/Info.plist";
				LD_RUNPATH_SEARCH_PATHS = "$(inherited) @executable_path/Frameworks";
				PRODUCT_BUNDLE_IDENTIFIER = "com.macgallagher.Company-Contacts";
				PRODUCT_NAME = "$(TARGET_NAME)";
				SWIFT_VERSION = 4.0;
				TARGETED_DEVICE_FAMILY = "1,2";
			};
			name = Debug;
		};
		ADB900042044FB6F005D4036 /* Release */ = {
			isa = XCBuildConfiguration;
			buildSettings = {
				ASSETCATALOG_COMPILER_APPICON_NAME = AppIcon;
				CODE_SIGN_STYLE = Automatic;
				DEVELOPMENT_TEAM = DYZ8Y2U8DB;
				INFOPLIST_FILE = "Company-Contacts/Info.plist";
				LD_RUNPATH_SEARCH_PATHS = "$(inherited) @executable_path/Frameworks";
				PRODUCT_BUNDLE_IDENTIFIER = "com.macgallagher.Company-Contacts";
				PRODUCT_NAME = "$(TARGET_NAME)";
				SWIFT_VERSION = 4.0;
				TARGETED_DEVICE_FAMILY = "1,2";
			};
			name = Release;
		};
/* End XCBuildConfiguration section */

/* Begin XCConfigurationList section */
		ADB900022044FB6F005D4036 /* Build configuration list for PBXNativeTarget "Company-Contacts" */ = {
			isa = XCConfigurationList;
			buildConfigurations = (
				ADB900032044FB6F005D4036 /* Debug */,
				ADB900042044FB6F005D4036 /* Release */,
			);
			defaultConfigurationIsVisible = 0;
			defaultConfigurationName = Release;
		};
		ADB9FFEB2044FB6F005D4036 /* Build configuration list for PBXProject "Company-Contacts" */ = {
			isa = XCConfigurationList;
			buildConfigurations = (
				ADB900002044FB6F005D4036 /* Debug */,
				ADB900012044FB6F005D4036 /* Release */,
			);
			defaultConfigurationIsVisible = 0;
			defaultConfigurationName = Release;
		};
/* End XCConfigurationList section */

/* Begin XCVersionGroup section */
		ADE745A220461CB600A51206 /* Model.xcdatamodeld */ = {
			isa = XCVersionGroup;
			children = (
				ADE745A320461CB600A51206 /* Model.xcdatamodel */,
			);
			currentVersion = ADE745A320461CB600A51206 /* Model.xcdatamodel */;
			path = Model.xcdatamodeld;
			sourceTree = "<group>";
			versionGroupType = wrapper.xcdatamodel;
		};
/* End XCVersionGroup section */
	};
	rootObject = ADB9FFE82044FB6F005D4036 /* Project object */;
}
